
Microsoft Visual Studio Solution File, Format Version 12.00
# Visual Studio Version 16
VisualStudioVersion = 16.0.29920.165
MinimumVisualStudioVersion = 10.0.40219.1
Project("{9A19103F-16F7-4668-BE54-9A1E7A4F7556}") = "Primitives", "Src\Primitives.csproj", "{BE5DE7D0-B627-4E46-9029-7DA4B307F9CE}"
EndProject
Project("{9A19103F-16F7-4668-BE54-9A1E7A4F7556}") = "Primitives.Test", "Test\Primitives.Test.csproj", "{7C708EDC-81BE-4DE8-823C-0992BEA138E6}"
EndProject
Global
	GlobalSection(SolutionConfigurationPlatforms) = preSolution
		Debug|Any CPU = Debug|Any CPU
		Release|Any CPU = Release|Any CPU
	EndGlobalSection
	GlobalSection(ProjectConfigurationPlatforms) = postSolution
		{BE5DE7D0-B627-4E46-9029-7DA4B307F9CE}.Debug|Any CPU.ActiveCfg = Debug|Any CPU
		{BE5DE7D0-B627-4E46-9029-7DA4B307F9CE}.Debug|Any CPU.Build.0 = Debug|Any CPU
		{BE5DE7D0-B627-4E46-9029-7DA4B307F9CE}.Release|Any CPU.ActiveCfg = Release|Any CPU
		{BE5DE7D0-B627-4E46-9029-7DA4B307F9CE}.Release|Any CPU.Build.0 = Release|Any CPU
		{7C708EDC-81BE-4DE8-823C-0992BEA138E6}.Debug|Any CPU.ActiveCfg = Debug|Any CPU
		{7C708EDC-81BE-4DE8-823C-0992BEA138E6}.Debug|Any CPU.Build.0 = Debug|Any CPU
		{7C708EDC-81BE-4DE8-823C-0992BEA138E6}.Release|Any CPU.ActiveCfg = Debug|Any CPU
		{7C708EDC-81BE-4DE8-823C-0992BEA138E6}.Release|Any CPU.Build.0 = Debug|Any CPU
	EndGlobalSection
	GlobalSection(SolutionProperties) = preSolution
		HideSolutionNode = FALSE
	EndGlobalSection
	GlobalSection(ExtensibilityGlobals) = postSolution
		SolutionGuid = {592A976C-1E99-4BE9-B093-8866873453CB}
	EndGlobalSection
EndGlobal
